// !$*UTF8*$!
{
	archiveVersion = 1;
	classes = {
	};
	objectVersion = 46;
	objects = {

/* Begin PBXBuildFile section */
		8104172A1D98D65900A6E2F1 /* NewViewController.m in Sources */ = {isa = PBXBuildFile; fileRef = 810417281D98D65900A6E2F1 /* NewViewController.m */; };
		8104172B1D98D65900A6E2F1 /* NewViewController.xib in Resources */ = {isa = PBXBuildFile; fileRef = 810417291D98D65900A6E2F1 /* NewViewController.xib */; };
		A54A04EA1C200B330060481B /* main.m in Sources */ = {isa = PBXBuildFile; fileRef = A54A04E91C200B330060481B /* main.m */; };
		A54A04ED1C200B330060481B /* AppDelegate.m in Sources */ = {isa = PBXBuildFile; fileRef = A54A04EC1C200B330060481B /* AppDelegate.m */; };
		A54A04F01C200B330060481B /* ViewController.m in Sources */ = {isa = PBXBuildFile; fileRef = A54A04EF1C200B330060481B /* ViewController.m */; };
		A54A04F51C200B330060481B /* Images.xcassets in Resources */ = {isa = PBXBuildFile; fileRef = A54A04F41C200B330060481B /* Images.xcassets */; };
		A54A05041C200B330060481B /* PlayerButtonTests.m in Sources */ = {isa = PBXBuildFile; fileRef = A54A05031C200B330060481B /* PlayerButtonTests.m */; };
		A54A050F1C200BAA0060481B /* ELNPlayerButton.m in Sources */ = {isa = PBXBuildFile; fileRef = A54A050E1C200BAA0060481B /* ELNPlayerButton.m */; };
		A54A05121C200CBB0060481B /* selected.png in Resources */ = {isa = PBXBuildFile; fileRef = A54A05101C200CBB0060481B /* selected.png */; };
		A54A05131C200CBB0060481B /* start.png in Resources */ = {isa = PBXBuildFile; fileRef = A54A05111C200CBB0060481B /* start.png */; };
/* End PBXBuildFile section */

/* Begin PBXContainerItemProxy section */
		A54A04FE1C200B330060481B /* PBXContainerItemProxy */ = {
			isa = PBXContainerItemProxy;
			containerPortal = A54A04DC1C200B330060481B /* Project object */;
			proxyType = 1;
			remoteGlobalIDString = A54A04E31C200B330060481B;
			remoteInfo = PlayerButton;
		};
/* End PBXContainerItemProxy section */

/* Begin PBXFileReference section */
		810417271D98D65900A6E2F1 /* NewViewController.h */ = {isa = PBXFileReference; fileEncoding = 4; lastKnownFileType = sourcecode.c.h; path = NewViewController.h; sourceTree = "<group>"; };
		810417281D98D65900A6E2F1 /* NewViewController.m */ = {isa = PBXFileReference; fileEncoding = 4; lastKnownFileType = sourcecode.c.objc; path = NewViewController.m; sourceTree = "<group>"; };
		810417291D98D65900A6E2F1 /* NewViewController.xib */ = {isa = PBXFileReference; fileEncoding = 4; lastKnownFileType = file.xib; path = NewViewController.xib; sourceTree = "<group>"; };
		A54A04E41C200B330060481B /* PlayerButton.app */ = {isa = PBXFileReference; explicitFileType = wrapper.application; includeInIndex = 0; path = PlayerButton.app; sourceTree = BUILT_PRODUCTS_DIR; };
		A54A04E81C200B330060481B /* Info.plist */ = {isa = PBXFileReference; lastKnownFileType = text.plist.xml; path = Info.plist; sourceTree = "<group>"; };
		A54A04E91C200B330060481B /* main.m */ = {isa = PBXFileReference; lastKnownFileType = sourcecode.c.objc; path = main.m; sourceTree = "<group>"; };
		A54A04EB1C200B330060481B /* AppDelegate.h */ = {isa = PBXFileReference; lastKnownFileType = sourcecode.c.h; path = AppDelegate.h; sourceTree = "<group>"; };
		A54A04EC1C200B330060481B /* AppDelegate.m */ = {isa = PBXFileReference; lastKnownFileType = sourcecode.c.objc; path = AppDelegate.m; sourceTree = "<group>"; };
		A54A04EE1C200B330060481B /* ViewController.h */ = {isa = PBXFileReference; lastKnownFileType = sourcecode.c.h; path = ViewController.h; sourceTree = "<group>"; };
		A54A04EF1C200B330060481B /* ViewController.m */ = {isa = PBXFileReference; lastKnownFileType = sourcecode.c.objc; path = ViewController.m; sourceTree = "<group>"; };
		A54A04F41C200B330060481B /* Images.xcassets */ = {isa = PBXFileReference; lastKnownFileType = folder.assetcatalog; path = Images.xcassets; sourceTree = "<group>"; };
		A54A04FD1C200B330060481B /* PlayerButtonTests.xctest */ = {isa = PBXFileReference; explicitFileType = wrapper.cfbundle; includeInIndex = 0; path = PlayerButtonTests.xctest; sourceTree = BUILT_PRODUCTS_DIR; };
		A54A05021C200B330060481B /* Info.plist */ = {isa = PBXFileReference; lastKnownFileType = text.plist.xml; path = Info.plist; sourceTree = "<group>"; };
		A54A05031C200B330060481B /* PlayerButtonTests.m */ = {isa = PBXFileReference; lastKnownFileType = sourcecode.c.objc; path = PlayerButtonTests.m; sourceTree = "<group>"; };
		A54A050D1C200BAA0060481B /* ELNPlayerButton.h */ = {isa = PBXFileReference; fileEncoding = 4; lastKnownFileType = sourcecode.c.h; path = ELNPlayerButton.h; sourceTree = "<group>"; };
		A54A050E1C200BAA0060481B /* ELNPlayerButton.m */ = {isa = PBXFileReference; fileEncoding = 4; lastKnownFileType = sourcecode.c.objc; path = ELNPlayerButton.m; sourceTree = "<group>"; };
		A54A05101C200CBB0060481B /* selected.png */ = {isa = PBXFileReference; lastKnownFileType = image.png; path = selected.png; sourceTree = "<group>"; };
		A54A05111C200CBB0060481B /* start.png */ = {isa = PBXFileReference; lastKnownFileType = image.png; path = start.png; sourceTree = "<group>"; };
/* End PBXFileReference section */

/* Begin PBXFrameworksBuildPhase section */
		A54A04E11C200B330060481B /* Frameworks */ = {
			isa = PBXFrameworksBuildPhase;
			buildActionMask = 2147483647;
			files = (
			);
			runOnlyForDeploymentPostprocessing = 0;
		};
		A54A04FA1C200B330060481B /* Frameworks */ = {
			isa = PBXFrameworksBuildPhase;
			buildActionMask = 2147483647;
			files = (
			);
			runOnlyForDeploymentPostprocessing = 0;
		};
/* End PBXFrameworksBuildPhase section */

/* Begin PBXGroup section */
		A54A04DB1C200B330060481B = {
			isa = PBXGroup;
			children = (
				A54A04E61C200B330060481B /* PlayerButton */,
				A54A05001C200B330060481B /* PlayerButtonTests */,
				A54A04E51C200B330060481B /* Products */,
			);
			sourceTree = "<group>";
		};
		A54A04E51C200B330060481B /* Products */ = {
			isa = PBXGroup;
			children = (
				A54A04E41C200B330060481B /* PlayerButton.app */,
				A54A04FD1C200B330060481B /* PlayerButtonTests.xctest */,
			);
			name = Products;
			sourceTree = "<group>";
		};
		A54A04E61C200B330060481B /* PlayerButton */ = {
			isa = PBXGroup;
			children = (
				A54A05101C200CBB0060481B /* selected.png */,
				A54A05111C200CBB0060481B /* start.png */,
				A54A04EB1C200B330060481B /* AppDelegate.h */,
				A54A04EC1C200B330060481B /* AppDelegate.m */,
				A54A04EE1C200B330060481B /* ViewController.h */,
				A54A04EF1C200B330060481B /* ViewController.m */,
				810417271D98D65900A6E2F1 /* NewViewController.h */,
				810417281D98D65900A6E2F1 /* NewViewController.m */,
				810417291D98D65900A6E2F1 /* NewViewController.xib */,
				A54A050D1C200BAA0060481B /* ELNPlayerButton.h */,
				A54A050E1C200BAA0060481B /* ELNPlayerButton.m */,
				A54A04F41C200B330060481B /* Images.xcassets */,
				A54A04E71C200B330060481B /* Supporting Files */,
			);
			path = PlayerButton;
			sourceTree = "<group>";
		};
		A54A04E71C200B330060481B /* Supporting Files */ = {
			isa = PBXGroup;
			children = (
				A54A04E81C200B330060481B /* Info.plist */,
				A54A04E91C200B330060481B /* main.m */,
			);
			name = "Supporting Files";
			sourceTree = "<group>";
		};
		A54A05001C200B330060481B /* PlayerButtonTests */ = {
			isa = PBXGroup;
			children = (
				A54A05031C200B330060481B /* PlayerButtonTests.m */,
				A54A05011C200B330060481B /* Supporting Files */,
			);
			path = PlayerButtonTests;
			sourceTree = "<group>";
		};
		A54A05011C200B330060481B /* Supporting Files */ = {
			isa = PBXGroup;
			children = (
				A54A05021C200B330060481B /* Info.plist */,
			);
			name = "Supporting Files";
			sourceTree = "<group>";
		};
/* End PBXGroup section */

/* Begin PBXNativeTarget section */
		A54A04E31C200B330060481B /* PlayerButton */ = {
			isa = PBXNativeTarget;
			buildConfigurationList = A54A05071C200B330060481B /* Build configuration list for PBXNativeTarget "PlayerButton" */;
			buildPhases = (
				A54A04E01C200B330060481B /* Sources */,
				A54A04E11C200B330060481B /* Frameworks */,
				A54A04E21C200B330060481B /* Resources */,
			);
			buildRules = (
			);
			dependencies = (
			);
			name = PlayerButton;
			productName = PlayerButton;
			productReference = A54A04E41C200B330060481B /* PlayerButton.app */;
			productType = "com.apple.product-type.application";
		};
		A54A04FC1C200B330060481B /* PlayerButtonTests */ = {
			isa = PBXNativeTarget;
			buildConfigurationList = A54A050A1C200B330060481B /* Build configuration list for PBXNativeTarget "PlayerButtonTests" */;
			buildPhases = (
				A54A04F91C200B330060481B /* Sources */,
				A54A04FA1C200B330060481B /* Frameworks */,
				A54A04FB1C200B330060481B /* Resources */,
			);
			buildRules = (
			);
			dependencies = (
				A54A04FF1C200B330060481B /* PBXTargetDependency */,
			);
			name = PlayerButtonTests;
			productName = PlayerButtonTests;
			productReference = A54A04FD1C200B330060481B /* PlayerButtonTests.xctest */;
			productType = "com.apple.product-type.bundle.unit-test";
		};
/* End PBXNativeTarget section */

/* Begin PBXProject section */
		A54A04DC1C200B330060481B /* Project object */ = {
			isa = PBXProject;
			attributes = {
				LastUpgradeCheck = 0640;
				ORGANIZATIONNAME = Elean;
				TargetAttributes = {
					A54A04E31C200B330060481B = {
						CreatedOnToolsVersion = 6.4;
					};
					A54A04FC1C200B330060481B = {
						CreatedOnToolsVersion = 6.4;
						TestTargetID = A54A04E31C200B330060481B;
					};
				};
			};
			buildConfigurationList = A54A04DF1C200B330060481B /* Build configuration list for PBXProject "PlayerButton" */;
			compatibilityVersion = "Xcode 3.2";
			developmentRegion = English;
			hasScannedForEncodings = 0;
			knownRegions = (
				en,
				Base,
			);
			mainGroup = A54A04DB1C200B330060481B;
			productRefGroup = A54A04E51C200B330060481B /* Products */;
			projectDirPath = "";
			projectRoot = "";
			targets = (
				A54A04E31C200B330060481B /* PlayerButton */,
				A54A04FC1C200B330060481B /* PlayerButtonTests */,
			);
		};
/* End PBXProject section */

/* Begin PBXResourcesBuildPhase section */
		A54A04E21C200B330060481B /* Resources */ = {
			isa = PBXResourcesBuildPhase;
			buildActionMask = 2147483647;
			files = (
				A54A05121C200CBB0060481B /* selected.png in Resources */,
				A54A05131C200CBB0060481B /* start.png in Resources */,
				A54A04F51C200B330060481B /* Images.xcassets in Resources */,
				8104172B1D98D65900A6E2F1 /* NewViewController.xib in Resources */,
			);
			runOnlyForDeploymentPostprocessing = 0;
		};
		A54A04FB1C200B330060481B /* Resources */ = {
			isa = PBXResourcesBuildPhase;
			buildActionMask = 2147483647;
			files = (
			);
			runOnlyForDeploymentPostprocessing = 0;
		};
/* End PBXResourcesBuildPhase section */

/* Begin PBXSourcesBuildPhase section */
		A54A04E01C200B330060481B /* Sources */ = {
			isa = PBXSourcesBuildPhase;
			buildActionMask = 2147483647;
			files = (
				A54A050F1C200BAA0060481B /* ELNPlayerButton.m in Sources */,
				A54A04F01C200B330060481B /* ViewController.m in Sources */,
				8104172A1D98D65900A6E2F1 /* NewViewController.m in Sources */,
				A54A04ED1C200B330060481B /* AppDelegate.m in Sources */,
				A54A04EA1C200B330060481B /* main.m in Sources */,
			);
			runOnlyForDeploymentPostprocessing = 0;
		};
		A54A04F91C200B330060481B /* Sources */ = {
			isa = PBXSourcesBuildPhase;
			buildActionMask = 2147483647;
			files = (
				A54A05041C200B330060481B /* PlayerButtonTests.m in Sources */,
			);
			runOnlyForDeploymentPostprocessing = 0;
		};
/* End PBXSourcesBuildPhase section */

/* Begin PBXTargetDependency section */
		A54A04FF1C200B330060481B /* PBXTargetDependency */ = {
			isa = PBXTargetDependency;
			target = A54A04E31C200B330060481B /* PlayerButton */;
			targetProxy = A54A04FE1C200B330060481B /* PBXContainerItemProxy */;
		};
/* End PBXTargetDependency section */

/* Begin XCBuildConfiguration section */
		A54A05051C200B330060481B /* Debug */ = {
			isa = XCBuildConfiguration;
			buildSettings = {
				ALWAYS_SEARCH_USER_PATHS = NO;
				CLANG_CXX_LANGUAGE_STANDARD = "gnu++0x";
				CLANG_CXX_LIBRARY = "libc++";
				CLANG_ENABLE_MODULES = YES;
				CLANG_ENABLE_OBJC_ARC = YES;
				CLANG_WARN_BOOL_CONVERSION = YES;
				CLANG_WARN_CONSTANT_CONVERSION = YES;
				CLANG_WARN_DIRECT_OBJC_ISA_USAGE = YES_ERROR;
				CLANG_WARN_EMPTY_BODY = YES;
				CLANG_WARN_ENUM_CONVERSION = YES;
				CLANG_WARN_INT_CONVERSION = YES;
				CLANG_WARN_OBJC_ROOT_CLASS = YES_ERROR;
				CLANG_WARN_UNREACHABLE_CODE = YES;
				CLANG_WARN__DUPLICATE_METHOD_MATCH = YES;
				"CODE_SIGN_IDENTITY[sdk=iphoneos*]" = "iPhone Developer";
				COPY_PHASE_STRIP = NO;
				DEBUG_INFORMATION_FORMAT = "dwarf-with-dsym";
				ENABLE_STRICT_OBJC_MSGSEND = YES;
				GCC_C_LANGUAGE_STANDARD = gnu99;
				GCC_DYNAMIC_NO_PIC = NO;
				GCC_NO_COMMON_BLOCKS = YES;
				GCC_OPTIMIZATION_LEVEL = 0;
				GCC_PREPROCESSOR_DEFINITIONS = (
					"DEBUG=1",
					"$(inherited)",
				);
				GCC_SYMBOLS_PRIVATE_EXTERN = NO;
				GCC_WARN_64_TO_32_BIT_CONVERSION = YES;
				GCC_WARN_ABOUT_RETURN_TYPE = YES_ERROR;
				GCC_WARN_UNDECLARED_SELECTOR = YES;
				GCC_WARN_UNINITIALIZED_AUTOS = YES_AGGRESSIVE;
				GCC_WARN_UNUSED_FUNCTION = YES;
				GCC_WARN_UNUSED_VARIABLE = YES;
				IPHONEOS_DEPLOYMENT_TARGET = 8.4;
				MTL_ENABLE_DEBUG_INFO = YES;
				ONLY_ACTIVE_ARCH = YES;
				SDKROOT = iphoneos;
			};
			name = Debug;
		};
		A54A05061C200B330060481B /* Release */ = {
			isa = XCBuildConfiguration;
			buildSettings = {
				ALWAYS_SEARCH_USER_PATHS = NO;
				CLANG_CXX_LANGUAGE_STANDARD = "gnu++0x";
				CLANG_CXX_LIBRARY = "libc++";
				CLANG_ENABLE_MODULES = YES;
				CLANG_ENABLE_OBJC_ARC = YES;
				CLANG_WARN_BOOL_CONVERSION = YES;
				CLANG_WARN_CONSTANT_CONVERSION = YES;
				CLANG_WARN_DIRECT_OBJC_ISA_USAGE = YES_ERROR;
				CLANG_WARN_EMPTY_BODY = YES;
				CLANG_WARN_ENUM_CONVERSION = YES;
				CLANG_WARN_INT_CONVERSION = YES;
				CLANG_WARN_OBJC_ROOT_CLASS = YES_ERROR;
				CLANG_WARN_UNREACHABLE_CODE = YES;
				CLANG_WARN__DUPLICATE_METHOD_MATCH = YES;
				"CODE_SIGN_IDENTITY[sdk=iphoneos*]" = "iPhone Developer";
				COPY_PHASE_STRIP = NO;
				DEBUG_INFORMATION_FORMAT = "dwarf-with-dsym";
				ENABLE_NS_ASSERTIONS = NO;
				ENABLE_STRICT_OBJC_MSGSEND = YES;
				GCC_C_LANGUAGE_STANDARD = gnu99;
				GCC_NO_COMMON_BLOCKS = YES;
				GCC_WARN_64_TO_32_BIT_CONVERSION = YES;
				GCC_WARN_ABOUT_RETURN_TYPE = YES_ERROR;
				GCC_WARN_UNDECLARED_SELECTOR = YES;
				GCC_WARN_UNINITIALIZED_AUTOS = YES_AGGRESSIVE;
				GCC_WARN_UNUSED_FUNCTION = YES;
				GCC_WARN_UNUSED_VARIABLE = YES;
				IPHONEOS_DEPLOYMENT_TARGET = 8.4;
				MTL_ENABLE_DEBUG_INFO = NO;
				SDKROOT = iphoneos;
				VALIDATE_PRODUCT = YES;
			};
			name = Release;
		};
		A54A05081C200B330060481B /* Debug */ = {
			isa = XCBuildConfiguration;
			buildSettings = {
				ASSETCATALOG_COMPILER_APPICON_NAME = AppIcon;
				INFOPLIST_FILE = PlayerButton/Info.plist;
				LD_RUNPATH_SEARCH_PATHS = "$(inherited) @executable_path/Frameworks";
				PRODUCT_NAME = "$(TARGET_NAME)";
			};
			name = Debug;
		};
		A54A05091C200B330060481B /* Release */ = {
			isa = XCBuildConfiguration;
			buildSettings = {
				ASSETCATALOG_COMPILER_APPICON_NAME = AppIcon;
				INFOPLIST_FILE = PlayerButton/Info.plist;
				LD_RUNPATH_SEARCH_PATHS = "$(inherited) @executable_path/Frameworks";
				PRODUCT_NAME = "$(TARGET_NAME)";
			};
			name = Release;
		};
		A54A050B1C200B330060481B /* Debug */ = {
			isa = XCBuildConfiguration;
			buildSettings = {
				BUNDLE_LOADER = "$(TEST_HOST)";
				FRAMEWORK_SEARCH_PATHS = (
					"$(SDKROOT)/Developer/Library/Frameworks",
					"$(inherited)",
				);
				GCC_PREPROCESSOR_DEFINITIONS = (
					"DEBUG=1",
					"$(inherited)",
				);
				INFOPLIST_FILE = PlayerButtonTests/Info.plist;
				LD_RUNPATH_SEARCH_PATHS = "$(inherited) @executable_path/Frameworks @loader_path/Frameworks";
				PRODUCT_NAME = "$(TARGET_NAME)";
				TEST_HOST = "$(BUILT_PRODUCTS_DIR)/PlayerButton.app/PlayerButton";
			};
			name = Debug;
		};
		A54A050C1C200B330060481B /* Release */ = {
			isa = XCBuildConfiguration;
			buildSettings = {
				BUNDLE_LOADER = "$(TEST_HOST)";
				FRAMEWORK_SEARCH_PATHS = (
					"$(SDKROOT)/Developer/Library/Frameworks",
					"$(inherited)",
				);
				INFOPLIST_FILE = PlayerButtonTests/Info.plist;
				LD_RUNPATH_SEARCH_PATHS = "$(inherited) @executable_path/Frameworks @loader_path/Frameworks";
				PRODUCT_NAME = "$(TARGET_NAME)";
				TEST_HOST = "$(BUILT_PRODUCTS_DIR)/PlayerButton.app/PlayerButton";
			};
			name = Release;
		};
/* End XCBuildConfiguration section */

/* Begin XCConfigurationList section */
		A54A04DF1C200B330060481B /* Build configuration list for PBXProject "PlayerButton" */ = {
			isa = XCConfigurationList;
			buildConfigurations = (
				A54A05051C200B330060481B /* Debug */,
				A54A05061C200B330060481B /* Release */,
			);
			defaultConfigurationIsVisible = 0;
			defaultConfigurationName = Release;
		};
		A54A05071C200B330060481B /* Build configuration list for PBXNativeTarget "PlayerButton" */ = {
			isa = XCConfigurationList;
			buildConfigurations = (
				A54A05081C200B330060481B /* Debug */,
				A54A05091C200B330060481B /* Release */,
			);
			defaultConfigurationIsVisible = 0;
			defaultConfigurationName = Release;
		};
		A54A050A1C200B330060481B /* Build configuration list for PBXNativeTarget "PlayerButtonTests" */ = {
			isa = XCConfigurationList;
			buildConfigurations = (
				A54A050B1C200B330060481B /* Debug */,
				A54A050C1C200B330060481B /* Release */,
			);
			defaultConfigurationIsVisible = 0;
			defaultConfigurationName = Release;
		};
/* End XCConfigurationList section */
	};
	rootObject = A54A04DC1C200B330060481B /* Project object */;
}
